// !$*UTF8*$!
{
	archiveVersion = 1;
	classes = {
	};
	objectVersion = 77;
	objects = {

/* Begin PBXBuildFile section */
		6005A9682DAD62FD00AE8007 /* MeroLipiKeyboard.appex in Embed Foundation Extensions */ = {isa = PBXBuildFile; fileRef = 6005A9612DAD62FD00AE8007 /* MeroLipiKeyboard.appex */; settings = {ATTRIBUTES = (RemoveHeadersOnCopy, ); }; };
		6005A9952DAD660D00AE8007 /* MCEmojiPicker in Frameworks */ = {isa = PBXBuildFile; productRef = 6005A9942DAD660D00AE8007 /* MCEmojiPicker */; };
		60B1D4E82DB6488F00A18C81 /* MCEmojiPicker in Frameworks */ = {isa = PBXBuildFile; productRef = 60B1D4E72DB6488F00A18C81 /* MCEmojiPicker */; };
		60BB2B462DB6AD9700A68853 /* GoogleGenerativeAI in Frameworks */ = {isa = PBXBuildFile; productRef = 60BB2B452DB6AD9700A68853 /* GoogleGenerativeAI */; };
/* End PBXBuildFile section */

/* Begin PBXContainerItemProxy section */
		6005A9662DAD62FD00AE8007 /* PBXContainerItemProxy */ = {
			isa = PBXContainerItemProxy;
			containerPortal = 60EB86532DA2141C00CB64E7 /* Project object */;
			proxyType = 1;
			remoteGlobalIDString = 6005A9602DAD62FD00AE8007;
			remoteInfo = MeroLipiKeyboard;
		};
		60EB86692DA2141E00CB64E7 /* PBXContainerItemProxy */ = {
			isa = PBXContainerItemProxy;
			containerPortal = 60EB86532DA2141C00CB64E7 /* Project object */;
			proxyType = 1;
			remoteGlobalIDString = 60EB865A2DA2141C00CB64E7;
			remoteInfo = MeroLipi;
		};
		60EB86732DA2141E00CB64E7 /* PBXContainerItemProxy */ = {
			isa = PBXContainerItemProxy;
			containerPortal = 60EB86532DA2141C00CB64E7 /* Project object */;
			proxyType = 1;
			remoteGlobalIDString = 60EB865A2DA2141C00CB64E7;
			remoteInfo = MeroLipi;
		};
/* End PBXContainerItemProxy section */

/* Begin PBXCopyFilesBuildPhase section */
		6005A9692DAD62FD00AE8007 /* Embed Foundation Extensions */ = {
			isa = PBXCopyFilesBuildPhase;
			buildActionMask = 2147483647;
			dstPath = "";
			dstSubfolderSpec = 13;
			files = (
				6005A9682DAD62FD00AE8007 /* MeroLipiKeyboard.appex in Embed Foundation Extensions */,
			);
			name = "Embed Foundation Extensions";
			runOnlyForDeploymentPostprocessing = 0;
		};
/* End PBXCopyFilesBuildPhase section */

/* Begin PBXFileReference section */
		6005A9612DAD62FD00AE8007 /* MeroLipiKeyboard.appex */ = {isa = PBXFileReference; explicitFileType = "wrapper.app-extension"; includeInIndex = 0; path = MeroLipiKeyboard.appex; sourceTree = BUILT_PRODUCTS_DIR; };
		60EB865B2DA2141C00CB64E7 /* MeroLipi.app */ = {isa = PBXFileReference; explicitFileType = wrapper.application; includeInIndex = 0; path = MeroLipi.app; sourceTree = BUILT_PRODUCTS_DIR; };
		60EB86682DA2141E00CB64E7 /* MeroLipiTests.xctest */ = {isa = PBXFileReference; explicitFileType = wrapper.cfbundle; includeInIndex = 0; path = MeroLipiTests.xctest; sourceTree = BUILT_PRODUCTS_DIR; };
		60EB86722DA2141E00CB64E7 /* MeroLipiUITests.xctest */ = {isa = PBXFileReference; explicitFileType = wrapper.cfbundle; includeInIndex = 0; path = MeroLipiUITests.xctest; sourceTree = BUILT_PRODUCTS_DIR; };
/* End PBXFileReference section */

/* Begin PBXFileSystemSynchronizedBuildFileExceptionSet section */
		6005A96C2DAD62FD00AE8007 /* Exceptions for "MeroLipiKeyboard" folder in "MeroLipiKeyboard" target */ = {
			isa = PBXFileSystemSynchronizedBuildFileExceptionSet;
			membershipExceptions = (
				Info.plist,
			);
			target = 6005A9602DAD62FD00AE8007 /* MeroLipiKeyboard */;
		};
		6005A9922DAD651900AE8007 /* Exceptions for "MeroLipi" folder in "MeroLipiKeyboard" target */ = {
			isa = PBXFileSystemSynchronizedBuildFileExceptionSet;
			membershipExceptions = (
				AppColors.swift,
				Assets.xcassets,
				DBManager.swift,
				KeyboardLayoutManager.swift,
				KeyboardSoundManager.swift,
				MeroLipiKeyboardView.swift,
				nepali_words.sqlite,
			);
			target = 6005A9602DAD62FD00AE8007 /* MeroLipiKeyboard */;
		};
		60B1D4C12DB6480200A18C81 /* Exceptions for "MeroLipiKeyboard" folder in "MeroLipi" target */ = {
			isa = PBXFileSystemSynchronizedBuildFileExceptionSet;
			membershipExceptions = (
				KeyboardViewController.swift,
			);
			target = 60EB865A2DA2141C00CB64E7 /* MeroLipi */;
		};
		60D18A802E7C682500765FC6 /* Exceptions for "MeroLipi" folder in "MeroLipi" target */ = {
			isa = PBXFileSystemSynchronizedBuildFileExceptionSet;
			membershipExceptions = (
				Info.plist,
			);
			target = 60EB865A2DA2141C00CB64E7 /* MeroLipi */;
		};
/* End PBXFileSystemSynchronizedBuildFileExceptionSet section */

/* Begin PBXFileSystemSynchronizedRootGroup section */
		6005A9622DAD62FD00AE8007 /* MeroLipiKeyboard */ = {
			isa = PBXFileSystemSynchronizedRootGroup;
			exceptions = (
				60B1D4C12DB6480200A18C81 /* Exceptions for "MeroLipiKeyboard" folder in "MeroLipi" target */,
				6005A96C2DAD62FD00AE8007 /* Exceptions for "MeroLipiKeyboard" folder in "MeroLipiKeyboard" target */,
			);
			path = MeroLipiKeyboard;
			sourceTree = "<group>";
		};
		60EB865D2DA2141C00CB64E7 /* MeroLipi */ = {
			isa = PBXFileSystemSynchronizedRootGroup;
			exceptions = (
				60D18A802E7C682500765FC6 /* Exceptions for "MeroLipi" folder in "MeroLipi" target */,
				6005A9922DAD651900AE8007 /* Exceptions for "MeroLipi" folder in "MeroLipiKeyboard" target */,
			);
			path = MeroLipi;
			sourceTree = "<group>";
		};
		60EB866B2DA2141E00CB64E7 /* MeroLipiTests */ = {
			isa = PBXFileSystemSynchronizedRootGroup;
			path = MeroLipiTests;
			sourceTree = "<group>";
		};
		60EB86752DA2141E00CB64E7 /* MeroLipiUITests */ = {
			isa = PBXFileSystemSynchronizedRootGroup;
			path = MeroLipiUITests;
			sourceTree = "<group>";
		};
/* End PBXFileSystemSynchronizedRootGroup section */

/* Begin PBXFrameworksBuildPhase section */
		6005A95E2DAD62FD00AE8007 /* Frameworks */ = {
			isa = PBXFrameworksBuildPhase;
			buildActionMask = 2147483647;
			files = (
				6005A9952DAD660D00AE8007 /* MCEmojiPicker in Frameworks */,
			);
			runOnlyForDeploymentPostprocessing = 0;
		};
		60EB86582DA2141C00CB64E7 /* Frameworks */ = {
			isa = PBXFrameworksBuildPhase;
			buildActionMask = 2147483647;
			files = (
				60B1D4E82DB6488F00A18C81 /* MCEmojiPicker in Frameworks */,
				60BB2B462DB6AD9700A68853 /* GoogleGenerativeAI in Frameworks */,
			);
			runOnlyForDeploymentPostprocessing = 0;
		};
		60EB86652DA2141E00CB64E7 /* Frameworks */ = {
			isa = PBXFrameworksBuildPhase;
			buildActionMask = 2147483647;
			files = (
			);
			runOnlyForDeploymentPostprocessing = 0;
		};
		60EB866F2DA2141E00CB64E7 /* Frameworks */ = {
			isa = PBXFrameworksBuildPhase;
			buildActionMask = 2147483647;
			files = (
			);
			runOnlyForDeploymentPostprocessing = 0;
		};
/* End PBXFrameworksBuildPhase section */

/* Begin PBXGroup section */
		60EB86522DA2141C00CB64E7 = {
			isa = PBXGroup;
			children = (
				60EB865D2DA2141C00CB64E7 /* MeroLipi */,
				60EB866B2DA2141E00CB64E7 /* MeroLipiTests */,
				60EB86752DA2141E00CB64E7 /* MeroLipiUITests */,
				6005A9622DAD62FD00AE8007 /* MeroLipiKeyboard */,
				60EB865C2DA2141C00CB64E7 /* Products */,
			);
			sourceTree = "<group>";
		};
		60EB865C2DA2141C00CB64E7 /* Products */ = {
			isa = PBXGroup;
			children = (
				60EB865B2DA2141C00CB64E7 /* MeroLipi.app */,
				60EB86682DA2141E00CB64E7 /* MeroLipiTests.xctest */,
				60EB86722DA2141E00CB64E7 /* MeroLipiUITests.xctest */,
				6005A9612DAD62FD00AE8007 /* MeroLipiKeyboard.appex */,
			);
			name = Products;
			sourceTree = "<group>";
		};
/* End PBXGroup section */

/* Begin PBXNativeTarget section */
		6005A9602DAD62FD00AE8007 /* MeroLipiKeyboard */ = {
			isa = PBXNativeTarget;
			buildConfigurationList = 6005A96D2DAD62FD00AE8007 /* Build configuration list for PBXNativeTarget "MeroLipiKeyboard" */;
			buildPhases = (
				6005A95D2DAD62FD00AE8007 /* Sources */,
				6005A95E2DAD62FD00AE8007 /* Frameworks */,
				6005A95F2DAD62FD00AE8007 /* Resources */,
			);
			buildRules = (
			);
			dependencies = (
			);
			fileSystemSynchronizedGroups = (
				6005A9622DAD62FD00AE8007 /* MeroLipiKeyboard */,
			);
			name = MeroLipiKeyboard;
			packageProductDependencies = (
				6005A9942DAD660D00AE8007 /* MCEmojiPicker */,
			);
			productName = MeroLipiKeyboard;
			productReference = 6005A9612DAD62FD00AE8007 /* MeroLipiKeyboard.appex */;
			productType = "com.apple.product-type.app-extension";
		};
		60EB865A2DA2141C00CB64E7 /* MeroLipi */ = {
			isa = PBXNativeTarget;
			buildConfigurationList = 60EB867C2DA2141E00CB64E7 /* Build configuration list for PBXNativeTarget "MeroLipi" */;
			buildPhases = (
				60EB86572DA2141C00CB64E7 /* Sources */,
				60EB86582DA2141C00CB64E7 /* Frameworks */,
				60EB86592DA2141C00CB64E7 /* Resources */,
				6005A9692DAD62FD00AE8007 /* Embed Foundation Extensions */,
			);
			buildRules = (
			);
			dependencies = (
				6005A9672DAD62FD00AE8007 /* PBXTargetDependency */,
			);
			fileSystemSynchronizedGroups = (
				60EB865D2DA2141C00CB64E7 /* MeroLipi */,
			);
			name = MeroLipi;
			packageProductDependencies = (
				60B1D4E72DB6488F00A18C81 /* MCEmojiPicker */,
				60BB2B452DB6AD9700A68853 /* GoogleGenerativeAI */,
			);
			productName = MeroLipi;
			productReference = 60EB865B2DA2141C00CB64E7 /* MeroLipi.app */;
			productType = "com.apple.product-type.application";
		};
		60EB86672DA2141E00CB64E7 /* MeroLipiTests */ = {
			isa = PBXNativeTarget;
			buildConfigurationList = 60EB867F2DA2141E00CB64E7 /* Build configuration list for PBXNativeTarget "MeroLipiTests" */;
			buildPhases = (
				60EB86642DA2141E00CB64E7 /* Sources */,
				60EB86652DA2141E00CB64E7 /* Frameworks */,
				60EB86662DA2141E00CB64E7 /* Resources */,
			);
			buildRules = (
			);
			dependencies = (
				60EB866A2DA2141E00CB64E7 /* PBXTargetDependency */,
			);
			fileSystemSynchronizedGroups = (
				60EB866B2DA2141E00CB64E7 /* MeroLipiTests */,
			);
			name = MeroLipiTests;
			packageProductDependencies = (
			);
			productName = MeroLipiTests;
			productReference = 60EB86682DA2141E00CB64E7 /* MeroLipiTests.xctest */;
			productType = "com.apple.product-type.bundle.unit-test";
		};
		60EB86712DA2141E00CB64E7 /* MeroLipiUITests */ = {
			isa = PBXNativeTarget;
			buildConfigurationList = 60EB86822DA2141E00CB64E7 /* Build configuration list for PBXNativeTarget "MeroLipiUITests" */;
			buildPhases = (
				60EB866E2DA2141E00CB64E7 /* Sources */,
				60EB866F2DA2141E00CB64E7 /* Frameworks */,
				60EB86702DA2141E00CB64E7 /* Resources */,
			);
			buildRules = (
			);
			dependencies = (
				60EB86742DA2141E00CB64E7 /* PBXTargetDependency */,
			);
			fileSystemSynchronizedGroups = (
				60EB86752DA2141E00CB64E7 /* MeroLipiUITests */,
			);
			name = MeroLipiUITests;
			packageProductDependencies = (
			);
			productName = MeroLipiUITests;
			productReference = 60EB86722DA2141E00CB64E7 /* MeroLipiUITests.xctest */;
			productType = "com.apple.product-type.bundle.ui-testing";
		};
/* End PBXNativeTarget section */

/* Begin PBXProject section */
		60EB86532DA2141C00CB64E7 /* Project object */ = {
			isa = PBXProject;
			attributes = {
				BuildIndependentTargetsInParallel = 1;
				LastSwiftUpdateCheck = 1630;
				LastUpgradeCheck = 1630;
				TargetAttributes = {
					6005A9602DAD62FD00AE8007 = {
						CreatedOnToolsVersion = 16.3;
					};
					60EB865A2DA2141C00CB64E7 = {
						CreatedOnToolsVersion = 16.3;
					};
					60EB86672DA2141E00CB64E7 = {
						CreatedOnToolsVersion = 16.3;
						TestTargetID = 60EB865A2DA2141C00CB64E7;
					};
					60EB86712DA2141E00CB64E7 = {
						CreatedOnToolsVersion = 16.3;
						TestTargetID = 60EB865A2DA2141C00CB64E7;
					};
				};
			};
			buildConfigurationList = 60EB86562DA2141C00CB64E7 /* Build configuration list for PBXProject "MeroLipi" */;
			developmentRegion = en;
			hasScannedForEncodings = 0;
			knownRegions = (
				en,
				Base,
			);
			mainGroup = 60EB86522DA2141C00CB64E7;
			minimizedProjectReferenceProxies = 1;
			packageReferences = (
				6005A9932DAD660D00AE8007 /* XCRemoteSwiftPackageReference "MCEmojiPicker" */,
				60BB2B442DB6AD9700A68853 /* XCRemoteSwiftPackageReference "generative-ai-swift" */,
			);
			preferredProjectObjectVersion = 77;
			productRefGroup = 60EB865C2DA2141C00CB64E7 /* Products */;
			projectDirPath = "";
			projectRoot = "";
			targets = (
				60EB865A2DA2141C00CB64E7 /* MeroLipi */,
				60EB86672DA2141E00CB64E7 /* MeroLipiTests */,
				60EB86712DA2141E00CB64E7 /* MeroLipiUITests */,
				6005A9602DAD62FD00AE8007 /* MeroLipiKeyboard */,
			);
		};
/* End PBXProject section */

/* Begin PBXResourcesBuildPhase section */
		6005A95F2DAD62FD00AE8007 /* Resources */ = {
			isa = PBXResourcesBuildPhase;
			buildActionMask = 2147483647;
			files = (
			);
			runOnlyForDeploymentPostprocessing = 0;
		};
		60EB86592DA2141C00CB64E7 /* Resources */ = {
			isa = PBXResourcesBuildPhase;
			buildActionMask = 2147483647;
			files = (
			);
			runOnlyForDeploymentPostprocessing = 0;
		};
		60EB86662DA2141E00CB64E7 /* Resources */ = {
			isa = PBXResourcesBuildPhase;
			buildActionMask = 2147483647;
			files = (
			);
			runOnlyForDeploymentPostprocessing = 0;
		};
		60EB86702DA2141E00CB64E7 /* Resources */ = {
			isa = PBXResourcesBuildPhase;
			buildActionMask = 2147483647;
			files = (
			);
			runOnlyForDeploymentPostprocessing = 0;
		};
/* End PBXResourcesBuildPhase section */

/* Begin PBXSourcesBuildPhase section */
		6005A95D2DAD62FD00AE8007 /* Sources */ = {
			isa = PBXSourcesBuildPhase;
			buildActionMask = 2147483647;
			files = (
			);
			runOnlyForDeploymentPostprocessing = 0;
		};
		60EB86572DA2141C00CB64E7 /* Sources */ = {
			isa = PBXSourcesBuildPhase;
			buildActionMask = 2147483647;
			files = (
			);
			runOnlyForDeploymentPostprocessing = 0;
		};
		60EB86642DA2141E00CB64E7 /* Sources */ = {
			isa = PBXSourcesBuildPhase;
			buildActionMask = 2147483647;
			files = (
			);
			runOnlyForDeploymentPostprocessing = 0;
		};
		60EB866E2DA2141E00CB64E7 /* Sources */ = {
			isa = PBXSourcesBuildPhase;
			buildActionMask = 2147483647;
			files = (
			);
			runOnlyForDeploymentPostprocessing = 0;
		};
/* End PBXSourcesBuildPhase section */

/* Begin PBXTargetDependency section */
		6005A9672DAD62FD00AE8007 /* PBXTargetDependency */ = {
			isa = PBXTargetDependency;
			target = 6005A9602DAD62FD00AE8007 /* MeroLipiKeyboard */;
			targetProxy = 6005A9662DAD62FD00AE8007 /* PBXContainerItemProxy */;
		};
		60EB866A2DA2141E00CB64E7 /* PBXTargetDependency */ = {
			isa = PBXTargetDependency;
			target = 60EB865A2DA2141C00CB64E7 /* MeroLipi */;
			targetProxy = 60EB86692DA2141E00CB64E7 /* PBXContainerItemProxy */;
		};
		60EB86742DA2141E00CB64E7 /* PBXTargetDependency */ = {
			isa = PBXTargetDependency;
			target = 60EB865A2DA2141C00CB64E7 /* MeroLipi */;
			targetProxy = 60EB86732DA2141E00CB64E7 /* PBXContainerItemProxy */;
		};
/* End PBXTargetDependency section */

/* Begin XCBuildConfiguration section */
		6005A96A2DAD62FD00AE8007 /* Debug */ = {
			isa = XCBuildConfiguration;
			buildSettings = {
				CODE_SIGN_STYLE = Automatic;
				CURRENT_PROJECT_VERSION = 1;
				DEVELOPMENT_TEAM = TWKXF2LT7F;
				GENERATE_INFOPLIST_FILE = YES;
				INFOPLIST_FILE = MeroLipiKeyboard/Info.plist;
				INFOPLIST_KEY_CFBundleDisplayName = MeroLipiKeyboard;
				INFOPLIST_KEY_NSHumanReadableCopyright = "";
				LD_RUNPATH_SEARCH_PATHS = (
					"$(inherited)",
					"@executable_path/Frameworks",
					"@executable_path/../../Frameworks",
				);
				MARKETING_VERSION = 1.0;
				PRODUCT_BUNDLE_IDENTIFIER = bibek.MeroLipi.MeroLipiKeyboard;
				PRODUCT_NAME = "$(TARGET_NAME)";
				SKIP_INSTALL = YES;
				SWIFT_EMIT_LOC_STRINGS = YES;
				SWIFT_VERSION = 5.0;
				TARGETED_DEVICE_FAMILY = "1,2";
			};
			name = Debug;
		};
		6005A96B2DAD62FD00AE8007 /* Release */ = {
			isa = XCBuildConfiguration;
			buildSettings = {
				CODE_SIGN_STYLE = Automatic;
				CURRENT_PROJECT_VERSION = 1;
				DEVELOPMENT_TEAM = TWKXF2LT7F;
				GENERATE_INFOPLIST_FILE = YES;
				INFOPLIST_FILE = MeroLipiKeyboard/Info.plist;
				INFOPLIST_KEY_CFBundleDisplayName = MeroLipiKeyboard;
				INFOPLIST_KEY_NSHumanReadableCopyright = "";
				LD_RUNPATH_SEARCH_PATHS = (
					"$(inherited)",
					"@executable_path/Frameworks",
					"@executable_path/../../Frameworks",
				);
				MARKETING_VERSION = 1.0;
				PRODUCT_BUNDLE_IDENTIFIER = bibek.MeroLipi.MeroLipiKeyboard;
				PRODUCT_NAME = "$(TARGET_NAME)";
				SKIP_INSTALL = YES;
				SWIFT_EMIT_LOC_STRINGS = YES;
				SWIFT_VERSION = 5.0;
				TARGETED_DEVICE_FAMILY = "1,2";
			};
			name = Release;
		};
		60EB867A2DA2141E00CB64E7 /* Debug */ = {
			isa = XCBuildConfiguration;
			buildSettings = {
				ALWAYS_SEARCH_USER_PATHS = NO;
				ASSETCATALOG_COMPILER_GENERATE_SWIFT_ASSET_SYMBOL_EXTENSIONS = YES;
				CLANG_ANALYZER_NONNULL = YES;
				CLANG_ANALYZER_NUMBER_OBJECT_CONVERSION = YES_AGGRESSIVE;
				CLANG_CXX_LANGUAGE_STANDARD = "gnu++20";
				CLANG_ENABLE_MODULES = YES;
				CLANG_ENABLE_OBJC_ARC = YES;
				CLANG_ENABLE_OBJC_WEAK = YES;
				CLANG_WARN_BLOCK_CAPTURE_AUTORELEASING = YES;
				CLANG_WARN_BOOL_CONVERSION = YES;
				CLANG_WARN_COMMA = YES;
				CLANG_WARN_CONSTANT_CONVERSION = YES;
				CLANG_WARN_DEPRECATED_OBJC_IMPLEMENTATIONS = YES;
				CLANG_WARN_DIRECT_OBJC_ISA_USAGE = YES_ERROR;
				CLANG_WARN_DOCUMENTATION_COMMENTS = YES;
				CLANG_WARN_EMPTY_BODY = YES;
				CLANG_WARN_ENUM_CONVERSION = YES;
				CLANG_WARN_INFINITE_RECURSION = YES;
				CLANG_WARN_INT_CONVERSION = YES;
				CLANG_WARN_NON_LITERAL_NULL_CONVERSION = YES;
				CLANG_WARN_OBJC_IMPLICIT_RETAIN_SELF = YES;
				CLANG_WARN_OBJC_LITERAL_CONVERSION = YES;
				CLANG_WARN_OBJC_ROOT_CLASS = YES_ERROR;
				CLANG_WARN_QUOTED_INCLUDE_IN_FRAMEWORK_HEADER = YES;
				CLANG_WARN_RANGE_LOOP_ANALYSIS = YES;
				CLANG_WARN_STRICT_PROTOTYPES = YES;
				CLANG_WARN_SUSPICIOUS_MOVE = YES;
				CLANG_WARN_UNGUARDED_AVAILABILITY = YES_AGGRESSIVE;
				CLANG_WARN_UNREACHABLE_CODE = YES;
				CLANG_WARN__DUPLICATE_METHOD_MATCH = YES;
				COPY_PHASE_STRIP = NO;
				DEBUG_INFORMATION_FORMAT = dwarf;
				ENABLE_STRICT_OBJC_MSGSEND = YES;
				ENABLE_TESTABILITY = YES;
				ENABLE_USER_SCRIPT_SANDBOXING = YES;
				GCC_C_LANGUAGE_STANDARD = gnu17;
				GCC_DYNAMIC_NO_PIC = NO;
				GCC_NO_COMMON_BLOCKS = YES;
				GCC_OPTIMIZATION_LEVEL = 0;
				GCC_PREPROCESSOR_DEFINITIONS = (
					"DEBUG=1",
					"$(inherited)",
				);
				GCC_WARN_64_TO_32_BIT_CONVERSION = YES;
				GCC_WARN_ABOUT_RETURN_TYPE = YES_ERROR;
				GCC_WARN_UNDECLARED_SELECTOR = YES;
				GCC_WARN_UNINITIALIZED_AUTOS = YES_AGGRESSIVE;
				GCC_WARN_UNUSED_FUNCTION = YES;
				GCC_WARN_UNUSED_VARIABLE = YES;
				IPHONEOS_DEPLOYMENT_TARGET = 18.4;
				LOCALIZATION_PREFERS_STRING_CATALOGS = YES;
				MTL_ENABLE_DEBUG_INFO = INCLUDE_SOURCE;
				MTL_FAST_MATH = YES;
				ONLY_ACTIVE_ARCH = YES;
				SDKROOT = iphoneos;
				SWIFT_ACTIVE_COMPILATION_CONDITIONS = "DEBUG $(inherited)";
				SWIFT_OPTIMIZATION_LEVEL = "-Onone";
			};
			name = Debug;
		};
		60EB867B2DA2141E00CB64E7 /* Release */ = {
			isa = XCBuildConfiguration;
			buildSettings = {
				ALWAYS_SEARCH_USER_PATHS = NO;
				ASSETCATALOG_COMPILER_GENERATE_SWIFT_ASSET_SYMBOL_EXTENSIONS = YES;
				CLANG_ANALYZER_NONNULL = YES;
				CLANG_ANALYZER_NUMBER_OBJECT_CONVERSION = YES_AGGRESSIVE;
				CLANG_CXX_LANGUAGE_STANDARD = "gnu++20";
				CLANG_ENABLE_MODULES = YES;
				CLANG_ENABLE_OBJC_ARC = YES;
				CLANG_ENABLE_OBJC_WEAK = YES;
				CLANG_WARN_BLOCK_CAPTURE_AUTORELEASING = YES;
				CLANG_WARN_BOOL_CONVERSION = YES;
				CLANG_WARN_COMMA = YES;
				CLANG_WARN_CONSTANT_CONVERSION = YES;
				CLANG_WARN_DEPRECATED_OBJC_IMPLEMENTATIONS = YES;
				CLANG_WARN_DIRECT_OBJC_ISA_USAGE = YES_ERROR;
				CLANG_WARN_DOCUMENTATION_COMMENTS = YES;
				CLANG_WARN_EMPTY_BODY = YES;
				CLANG_WARN_ENUM_CONVERSION = YES;
				CLANG_WARN_INFINITE_RECURSION = YES;
				CLANG_WARN_INT_CONVERSION = YES;
				CLANG_WARN_NON_LITERAL_NULL_CONVERSION = YES;
				CLANG_WARN_OBJC_IMPLICIT_RETAIN_SELF = YES;
				CLANG_WARN_OBJC_LITERAL_CONVERSION = YES;
				CLANG_WARN_OBJC_ROOT_CLASS = YES_ERROR;
				CLANG_WARN_QUOTED_INCLUDE_IN_FRAMEWORK_HEADER = YES;
				CLANG_WARN_RANGE_LOOP_ANALYSIS = YES;
				CLANG_WARN_STRICT_PROTOTYPES = YES;
				CLANG_WARN_SUSPICIOUS_MOVE = YES;
				CLANG_WARN_UNGUARDED_AVAILABILITY = YES_AGGRESSIVE;
				CLANG_WARN_UNREACHABLE_CODE = YES;
				CLANG_WARN__DUPLICATE_METHOD_MATCH = YES;
				COPY_PHASE_STRIP = NO;
				DEBUG_INFORMATION_FORMAT = "dwarf-with-dsym";
				ENABLE_NS_ASSERTIONS = NO;
				ENABLE_STRICT_OBJC_MSGSEND = YES;
				ENABLE_USER_SCRIPT_SANDBOXING = YES;
				GCC_C_LANGUAGE_STANDARD = gnu17;
				GCC_NO_COMMON_BLOCKS = YES;
				GCC_WARN_64_TO_32_BIT_CONVERSION = YES;
				GCC_WARN_ABOUT_RETURN_TYPE = YES_ERROR;
				GCC_WARN_UNDECLARED_SELECTOR = YES;
				GCC_WARN_UNINITIALIZED_AUTOS = YES_AGGRESSIVE;
				GCC_WARN_UNUSED_FUNCTION = YES;
				GCC_WARN_UNUSED_VARIABLE = YES;
				IPHONEOS_DEPLOYMENT_TARGET = 18.4;
				LOCALIZATION_PREFERS_STRING_CATALOGS = YES;
				MTL_ENABLE_DEBUG_INFO = NO;
				MTL_FAST_MATH = YES;
				SDKROOT = iphoneos;
				SWIFT_COMPILATION_MODE = wholemodule;
				VALIDATE_PRODUCT = YES;
			};
			name = Release;
		};
		60EB867D2DA2141E00CB64E7 /* Debug */ = {
			isa = XCBuildConfiguration;
			buildSettings = {
				ASSETCATALOG_COMPILER_APPICON_NAME = AppIcon;
				ASSETCATALOG_COMPILER_GLOBAL_ACCENT_COLOR_NAME = AccentColor;
				CODE_SIGN_IDENTITY = "Apple Development";
				CODE_SIGN_STYLE = Automatic;
				CURRENT_PROJECT_VERSION = 1;
				DEVELOPMENT_TEAM = TWKXF2LT7F;
				ENABLE_PREVIEWS = YES;
				GENERATE_INFOPLIST_FILE = YES;
				INFOPLIST_FILE = MeroLipi/Info.plist;
				INFOPLIST_KEY_UIApplicationSceneManifest_Generation = YES;
				INFOPLIST_KEY_UIApplicationSupportsIndirectInputEvents = YES;
				INFOPLIST_KEY_UISupportedInterfaceOrientations_iPad = "UIInterfaceOrientationPortrait UIInterfaceOrientationPortraitUpsideDown UIInterfaceOrientationLandscapeLeft UIInterfaceOrientationLandscapeRight";
				INFOPLIST_KEY_UISupportedInterfaceOrientations_iPhone = "UIInterfaceOrientationPortrait UIInterfaceOrientationLandscapeLeft UIInterfaceOrientationLandscapeRight";
				LD_RUNPATH_SEARCH_PATHS = (
					"$(inherited)",
					"@executable_path/Frameworks",
				);
				MARKETING_VERSION = 1.0;
				PRODUCT_BUNDLE_IDENTIFIER = bibek.MeroLipi;
				PRODUCT_NAME = "$(TARGET_NAME)";
				PROVISIONING_PROFILE_SPECIFIER = "";
				SWIFT_EMIT_LOC_STRINGS = YES;
				SWIFT_VERSION = 5.0;
				TARGETED_DEVICE_FAMILY = "1,2";
			};
			name = Debug;
		};
		60EB867E2DA2141E00CB64E7 /* Release */ = {
			isa = XCBuildConfiguration;
			buildSettings = {
				ASSETCATALOG_COMPILER_APPICON_NAME = AppIcon;
				ASSETCATALOG_COMPILER_GLOBAL_ACCENT_COLOR_NAME = AccentColor;
				CODE_SIGN_IDENTITY = "Apple Development";
				CODE_SIGN_STYLE = Automatic;
				CURRENT_PROJECT_VERSION = 1;
				DEVELOPMENT_TEAM = TWKXF2LT7F;
				ENABLE_PREVIEWS = YES;
				GENERATE_INFOPLIST_FILE = YES;
				INFOPLIST_FILE = MeroLipi/Info.plist;
				INFOPLIST_KEY_UIApplicationSceneManifest_Generation = YES;
				INFOPLIST_KEY_UIApplicationSupportsIndirectInputEvents = YES;
				INFOPLIST_KEY_UISupportedInterfaceOrientations_iPad = "UIInterfaceOrientationPortrait UIInterfaceOrientationPortraitUpsideDown UIInterfaceOrientationLandscapeLeft UIInterfaceOrientationLandscapeRight";
				INFOPLIST_KEY_UISupportedInterfaceOrientations_iPhone = "UIInterfaceOrientationPortrait UIInterfaceOrientationLandscapeLeft UIInterfaceOrientationLandscapeRight";
				LD_RUNPATH_SEARCH_PATHS = (
					"$(inherited)",
					"@executable_path/Frameworks",
				);
				MARKETING_VERSION = 1.0;
				PRODUCT_BUNDLE_IDENTIFIER = bibek.MeroLipi;
				PRODUCT_NAME = "$(TARGET_NAME)";
				PROVISIONING_PROFILE_SPECIFIER = "";
				SWIFT_EMIT_LOC_STRINGS = YES;
				SWIFT_VERSION = 5.0;
				TARGETED_DEVICE_FAMILY = "1,2";
			};
			name = Release;
		};
		60EB86802DA2141E00CB64E7 /* Debug */ = {
			isa = XCBuildConfiguration;
			buildSettings = {
				BUNDLE_LOADER = "$(TEST_HOST)";
				CODE_SIGN_STYLE = Automatic;
				CURRENT_PROJECT_VERSION = 1;
				DEVELOPMENT_TEAM = TWKXF2LT7F;
				GENERATE_INFOPLIST_FILE = YES;
				IPHONEOS_DEPLOYMENT_TARGET = 18.4;
				MARKETING_VERSION = 1.0;
				PRODUCT_BUNDLE_IDENTIFIER = bibek.MeroLipiTests;
				PRODUCT_NAME = "$(TARGET_NAME)";
				SWIFT_EMIT_LOC_STRINGS = NO;
				SWIFT_VERSION = 5.0;
				TARGETED_DEVICE_FAMILY = "1,2";
				TEST_HOST = "$(BUILT_PRODUCTS_DIR)/MeroLipi.app/$(BUNDLE_EXECUTABLE_FOLDER_PATH)/MeroLipi";
			};
			name = Debug;
		};
		60EB86812DA2141E00CB64E7 /* Release */ = {
			isa = XCBuildConfiguration;
			buildSettings = {
				BUNDLE_LOADER = "$(TEST_HOST)";
				CODE_SIGN_STYLE = Automatic;
				CURRENT_PROJECT_VERSION = 1;
				DEVELOPMENT_TEAM = TWKXF2LT7F;
				GENERATE_INFOPLIST_FILE = YES;
				IPHONEOS_DEPLOYMENT_TARGET = 18.4;
				MARKETING_VERSION = 1.0;
				PRODUCT_BUNDLE_IDENTIFIER = bibek.MeroLipiTests;
				PRODUCT_NAME = "$(TARGET_NAME)";
				SWIFT_EMIT_LOC_STRINGS = NO;
				SWIFT_VERSION = 5.0;
				TARGETED_DEVICE_FAMILY = "1,2";
				TEST_HOST = "$(BUILT_PRODUCTS_DIR)/MeroLipi.app/$(BUNDLE_EXECUTABLE_FOLDER_PATH)/MeroLipi";
			};
			name = Release;
		};
		60EB86832DA2141E00CB64E7 /* Debug */ = {
			isa = XCBuildConfiguration;
			buildSettings = {
				CODE_SIGN_STYLE = Automatic;
				CURRENT_PROJECT_VERSION = 1;
				GENERATE_INFOPLIST_FILE = YES;
				MARKETING_VERSION = 1.0;
				PRODUCT_BUNDLE_IDENTIFIER = bibek.MeroLipiUITests;
				PRODUCT_NAME = "$(TARGET_NAME)";
				SWIFT_EMIT_LOC_STRINGS = NO;
				SWIFT_VERSION = 5.0;
				TARGETED_DEVICE_FAMILY = "1,2";
				TEST_TARGET_NAME = MeroLipi;
			};
			name = Debug;
		};
		60EB86842DA2141E00CB64E7 /* Release */ = {
			isa = XCBuildConfiguration;
			buildSettings = {
				CODE_SIGN_STYLE = Automatic;
				CURRENT_PROJECT_VERSION = 1;
				GENERATE_INFOPLIST_FILE = YES;
				MARKETING_VERSION = 1.0;
				PRODUCT_BUNDLE_IDENTIFIER = bibek.MeroLipiUITests;
				PRODUCT_NAME = "$(TARGET_NAME)";
				SWIFT_EMIT_LOC_STRINGS = NO;
				SWIFT_VERSION = 5.0;
				TARGETED_DEVICE_FAMILY = "1,2";
				TEST_TARGET_NAME = MeroLipi;
			};
			name = Release;
		};
/* End XCBuildConfiguration section */

/* Begin XCConfigurationList section */
		6005A96D2DAD62FD00AE8007 /* Build configuration list for PBXNativeTarget "MeroLipiKeyboard" */ = {
			isa = XCConfigurationList;
			buildConfigurations = (
				6005A96A2DAD62FD00AE8007 /* Debug */,
				6005A96B2DAD62FD00AE8007 /* Release */,
			);
			defaultConfigurationIsVisible = 0;
			defaultConfigurationName = Release;
		};
		60EB86562DA2141C00CB64E7 /* Build configuration list for PBXProject "MeroLipi" */ = {
			isa = XCConfigurationList;
			buildConfigurations = (
				60EB867A2DA2141E00CB64E7 /* Debug */,
				60EB867B2DA2141E00CB64E7 /* Release */,
			);
			defaultConfigurationIsVisible = 0;
			defaultConfigurationName = Release;
		};
		60EB867C2DA2141E00CB64E7 /* Build configuration list for PBXNativeTarget "MeroLipi" */ = {
			isa = XCConfigurationList;
			buildConfigurations = (
				60EB867D2DA2141E00CB64E7 /* Debug */,
				60EB867E2DA2141E00CB64E7 /* Release */,
			);
			defaultConfigurationIsVisible = 0;
			defaultConfigurationName = Release;
		};
		60EB867F2DA2141E00CB64E7 /* Build configuration list for PBXNativeTarget "MeroLipiTests" */ = {
			isa = XCConfigurationList;
			buildConfigurations = (
				60EB86802DA2141E00CB64E7 /* Debug */,
				60EB86812DA2141E00CB64E7 /* Release */,
			);
			defaultConfigurationIsVisible = 0;
			defaultConfigurationName = Release;
		};
		60EB86822DA2141E00CB64E7 /* Build configuration list for PBXNativeTarget "MeroLipiUITests" */ = {
			isa = XCConfigurationList;
			buildConfigurations = (
				60EB86832DA2141E00CB64E7 /* Debug */,
				60EB86842DA2141E00CB64E7 /* Release */,
			);
			defaultConfigurationIsVisible = 0;
			defaultConfigurationName = Release;
		};
/* End XCConfigurationList section */

/* Begin XCRemoteSwiftPackageReference section */
		6005A9932DAD660D00AE8007 /* XCRemoteSwiftPackageReference "MCEmojiPicker" */ = {
			isa = XCRemoteSwiftPackageReference;
			repositoryURL = "https://github.com/izyumkin/MCEmojiPicker";
			requirement = {
				kind = upToNextMajorVersion;
				minimumVersion = 1.2.3;
			};
		};
		60BB2B442DB6AD9700A68853 /* XCRemoteSwiftPackageReference "generative-ai-swift" */ = {
			isa = XCRemoteSwiftPackageReference;
			repositoryURL = "https://github.com/google/generative-ai-swift";
			requirement = {
				kind = upToNextMajorVersion;
				minimumVersion = 0.5.6;
			};
		};
/* End XCRemoteSwiftPackageReference section */

/* Begin XCSwiftPackageProductDependency section */
		6005A9942DAD660D00AE8007 /* MCEmojiPicker */ = {
			isa = XCSwiftPackageProductDependency;
			package = 6005A9932DAD660D00AE8007 /* XCRemoteSwiftPackageReference "MCEmojiPicker" */;
			productName = MCEmojiPicker;
		};
		60B1D4E72DB6488F00A18C81 /* MCEmojiPicker */ = {
			isa = XCSwiftPackageProductDependency;
			package = 6005A9932DAD660D00AE8007 /* XCRemoteSwiftPackageReference "MCEmojiPicker" */;
			productName = MCEmojiPicker;
		};
		60BB2B452DB6AD9700A68853 /* GoogleGenerativeAI */ = {
			isa = XCSwiftPackageProductDependency;
			package = 60BB2B442DB6AD9700A68853 /* XCRemoteSwiftPackageReference "generative-ai-swift" */;
			productName = GoogleGenerativeAI;
		};
/* End XCSwiftPackageProductDependency section */
	};
	rootObject = 60EB86532DA2141C00CB64E7 /* Project object */;
}
